
Microsoft Visual Studio Solution File, Format Version 12.00
# Visual Studio 14
VisualStudioVersion = 14.0.25420.1
MinimumVisualStudioVersion = 10.0.40219.1
Project("{FAE04EC0-301F-11D3-BF4B-00C04F79EFBC}") = "proje", "proje\proje.csproj", "{7093DB3C-BDDD-4178-97D1-B2F120D5D978}"
EndProject
Global
	GlobalSection(SolutionConfigurationPlatforms) = preSolution
		Debug|Any CPU = Debug|Any CPU
		Release|Any CPU = Release|Any CPU
	EndGlobalSection
	GlobalSection(ProjectConfigurationPlatforms) = postSolution
		{7093DB3C-BDDD-4178-97D1-B2F120D5D978}.Debug|Any CPU.ActiveCfg = Debug|Any CPU
		{7093DB3C-BDDD-4178-97D1-B2F120D5D978}.Debug|Any CPU.Build.0 = Debug|Any CPU
		{7093DB3C-BDDD-4178-97D1-B2F120D5D978}.Release|Any CPU.ActiveCfg = Release|Any CPU
		{7093DB3C-BDDD-4178-97D1-B2F120D5D978}.Release|Any CPU.Build.0 = Release|Any CPU
	EndGlobalSection
	GlobalSection(SolutionProperties) = preSolution
		HideSolutionNode = FALSE
	EndGlobalSection
EndGlobal
